// !$*UTF8*$!
{
	archiveVersion = 1;
	classes = {
	};
	objectVersion = 51;
	objects = {

/* Begin PBXBuildFile section */
		00A34543D720978091573831 /* Pods_RxSwiftDemo.framework in Frameworks */ = {isa = PBXBuildFile; fileRef = 0EA50EDDD07D9A0EBFEFE05E /* Pods_RxSwiftDemo.framework */; };
		D25BF29C249B473900F2703F /* AppDelegate.swift in Sources */ = {isa = PBXBuildFile; fileRef = D25BF29B249B473900F2703F /* AppDelegate.swift */; };
		D25BF29E249B473900F2703F /* SceneDelegate.swift in Sources */ = {isa = PBXBuildFile; fileRef = D25BF29D249B473900F2703F /* SceneDelegate.swift */; };
		D25BF2A0249B473900F2703F /* ViewController.swift in Sources */ = {isa = PBXBuildFile; fileRef = D25BF29F249B473900F2703F /* ViewController.swift */; };
		D25BF2A3249B473900F2703F /* Main.storyboard in Resources */ = {isa = PBXBuildFile; fileRef = D25BF2A1249B473900F2703F /* Main.storyboard */; };
		D25BF2A6249B473900F2703F /* RxSwiftDemo.xcdatamodeld in Sources */ = {isa = PBXBuildFile; fileRef = D25BF2A4249B473900F2703F /* RxSwiftDemo.xcdatamodeld */; };
		D25BF2A8249B473F00F2703F /* Assets.xcassets in Resources */ = {isa = PBXBuildFile; fileRef = D25BF2A7249B473F00F2703F /* Assets.xcassets */; };
		D25BF2AB249B473F00F2703F /* LaunchScreen.storyboard in Resources */ = {isa = PBXBuildFile; fileRef = D25BF2A9249B473F00F2703F /* LaunchScreen.storyboard */; };
		D25BF2B6249B474000F2703F /* RxSwiftDemoTests.swift in Sources */ = {isa = PBXBuildFile; fileRef = D25BF2B5249B474000F2703F /* RxSwiftDemoTests.swift */; };
		D25BF2C1249B474000F2703F /* RxSwiftDemoUITests.swift in Sources */ = {isa = PBXBuildFile; fileRef = D25BF2C0249B474000F2703F /* RxSwiftDemoUITests.swift */; };
		D25BF2CF249B5EB000F2703F /* APIService.swift in Sources */ = {isa = PBXBuildFile; fileRef = D25BF2CE249B5EB000F2703F /* APIService.swift */; };
		D25BF2D1249B5F1B00F2703F /* PhotoModel.swift in Sources */ = {isa = PBXBuildFile; fileRef = D25BF2D0249B5F1B00F2703F /* PhotoModel.swift */; };
		D25BF2D4249B5FCA00F2703F /* MainViewController.swift in Sources */ = {isa = PBXBuildFile; fileRef = D25BF2D2249B5FCA00F2703F /* MainViewController.swift */; };
		D25BF2D5249B5FCA00F2703F /* MainViewController.xib in Resources */ = {isa = PBXBuildFile; fileRef = D25BF2D3249B5FCA00F2703F /* MainViewController.xib */; };
		D25BF2D8249B640D00F2703F /* MainTableViewCell.swift in Sources */ = {isa = PBXBuildFile; fileRef = D25BF2D6249B640D00F2703F /* MainTableViewCell.swift */; };
		D25BF2D9249B640D00F2703F /* MainTableViewCell.xib in Resources */ = {isa = PBXBuildFile; fileRef = D25BF2D7249B640D00F2703F /* MainTableViewCell.xib */; };
		D25BF2DB249B6C9300F2703F /* MainViewModel.swift in Sources */ = {isa = PBXBuildFile; fileRef = D25BF2DA249B6C9300F2703F /* MainViewModel.swift */; };
		D25BF2E024A9E3F100F2703F /* DetailMainTableViewController.swift in Sources */ = {isa = PBXBuildFile; fileRef = D25BF2DE24A9E3F100F2703F /* DetailMainTableViewController.swift */; };
		D25BF2E124A9E3F100F2703F /* DetailMainTableViewController.xib in Resources */ = {isa = PBXBuildFile; fileRef = D25BF2DF24A9E3F100F2703F /* DetailMainTableViewController.xib */; };
/* End PBXBuildFile section */

/* Begin PBXContainerItemProxy section */
		D25BF2B2249B474000F2703F /* PBXContainerItemProxy */ = {
			isa = PBXContainerItemProxy;
			containerPortal = D25BF290249B473900F2703F /* Project object */;
			proxyType = 1;
			remoteGlobalIDString = D25BF297249B473900F2703F;
			remoteInfo = RxSwiftDemo;
		};
		D25BF2BD249B474000F2703F /* PBXContainerItemProxy */ = {
			isa = PBXContainerItemProxy;
			containerPortal = D25BF290249B473900F2703F /* Project object */;
			proxyType = 1;
			remoteGlobalIDString = D25BF297249B473900F2703F;
			remoteInfo = RxSwiftDemo;
		};
/* End PBXContainerItemProxy section */

/* Begin PBXFileReference section */
		0EA50EDDD07D9A0EBFEFE05E /* Pods_RxSwiftDemo.framework */ = {isa = PBXFileReference; explicitFileType = wrapper.framework; includeInIndex = 0; path = Pods_RxSwiftDemo.framework; sourceTree = BUILT_PRODUCTS_DIR; };
		87A5DA370B09A7DF9AE2DFF2 /* Pods-RxSwiftDemo.debug.xcconfig */ = {isa = PBXFileReference; includeInIndex = 1; lastKnownFileType = text.xcconfig; name = "Pods-RxSwiftDemo.debug.xcconfig"; path = "Target Support Files/Pods-RxSwiftDemo/Pods-RxSwiftDemo.debug.xcconfig"; sourceTree = "<group>"; };
		953A059C4F4BFB817B460D09 /* Pods-RxSwiftDemo.release.xcconfig */ = {isa = PBXFileReference; includeInIndex = 1; lastKnownFileType = text.xcconfig; name = "Pods-RxSwiftDemo.release.xcconfig"; path = "Target Support Files/Pods-RxSwiftDemo/Pods-RxSwiftDemo.release.xcconfig"; sourceTree = "<group>"; };
		D25BF298249B473900F2703F /* RxSwiftDemo.app */ = {isa = PBXFileReference; explicitFileType = wrapper.application; includeInIndex = 0; path = RxSwiftDemo.app; sourceTree = BUILT_PRODUCTS_DIR; };
		D25BF29B249B473900F2703F /* AppDelegate.swift */ = {isa = PBXFileReference; lastKnownFileType = sourcecode.swift; path = AppDelegate.swift; sourceTree = "<group>"; };
		D25BF29D249B473900F2703F /* SceneDelegate.swift */ = {isa = PBXFileReference; lastKnownFileType = sourcecode.swift; path = SceneDelegate.swift; sourceTree = "<group>"; };
		D25BF29F249B473900F2703F /* ViewController.swift */ = {isa = PBXFileReference; lastKnownFileType = sourcecode.swift; path = ViewController.swift; sourceTree = "<group>"; };
		D25BF2A2249B473900F2703F /* Base */ = {isa = PBXFileReference; lastKnownFileType = file.storyboard; name = Base; path = Base.lproj/Main.storyboard; sourceTree = "<group>"; };
		D25BF2A5249B473900F2703F /* RxSwiftDemo.xcdatamodel */ = {isa = PBXFileReference; lastKnownFileType = wrapper.xcdatamodel; path = RxSwiftDemo.xcdatamodel; sourceTree = "<group>"; };
		D25BF2A7249B473F00F2703F /* Assets.xcassets */ = {isa = PBXFileReference; lastKnownFileType = folder.assetcatalog; path = Assets.xcassets; sourceTree = "<group>"; };
		D25BF2AA249B473F00F2703F /* Base */ = {isa = PBXFileReference; lastKnownFileType = file.storyboard; name = Base; path = Base.lproj/LaunchScreen.storyboard; sourceTree = "<group>"; };
		D25BF2AC249B473F00F2703F /* Info.plist */ = {isa = PBXFileReference; lastKnownFileType = text.plist.xml; path = Info.plist; sourceTree = "<group>"; };
		D25BF2B1249B474000F2703F /* RxSwiftDemoTests.xctest */ = {isa = PBXFileReference; explicitFileType = wrapper.cfbundle; includeInIndex = 0; path = RxSwiftDemoTests.xctest; sourceTree = BUILT_PRODUCTS_DIR; };
		D25BF2B5249B474000F2703F /* RxSwiftDemoTests.swift */ = {isa = PBXFileReference; lastKnownFileType = sourcecode.swift; path = RxSwiftDemoTests.swift; sourceTree = "<group>"; };
		D25BF2B7249B474000F2703F /* Info.plist */ = {isa = PBXFileReference; lastKnownFileType = text.plist.xml; path = Info.plist; sourceTree = "<group>"; };
		D25BF2BC249B474000F2703F /* RxSwiftDemoUITests.xctest */ = {isa = PBXFileReference; explicitFileType = wrapper.cfbundle; includeInIndex = 0; path = RxSwiftDemoUITests.xctest; sourceTree = BUILT_PRODUCTS_DIR; };
		D25BF2C0249B474000F2703F /* RxSwiftDemoUITests.swift */ = {isa = PBXFileReference; lastKnownFileType = sourcecode.swift; path = RxSwiftDemoUITests.swift; sourceTree = "<group>"; };
		D25BF2C2249B474000F2703F /* Info.plist */ = {isa = PBXFileReference; lastKnownFileType = text.plist.xml; path = Info.plist; sourceTree = "<group>"; };
		D25BF2CE249B5EB000F2703F /* APIService.swift */ = {isa = PBXFileReference; fileEncoding = 4; lastKnownFileType = sourcecode.swift; path = APIService.swift; sourceTree = "<group>"; };
		D25BF2D0249B5F1B00F2703F /* PhotoModel.swift */ = {isa = PBXFileReference; fileEncoding = 4; lastKnownFileType = sourcecode.swift; path = PhotoModel.swift; sourceTree = "<group>"; };
		D25BF2D2249B5FCA00F2703F /* MainViewController.swift */ = {isa = PBXFileReference; lastKnownFileType = sourcecode.swift; path = MainViewController.swift; sourceTree = "<group>"; };
		D25BF2D3249B5FCA00F2703F /* MainViewController.xib */ = {isa = PBXFileReference; lastKnownFileType = file.xib; path = MainViewController.xib; sourceTree = "<group>"; };
		D25BF2D6249B640D00F2703F /* MainTableViewCell.swift */ = {isa = PBXFileReference; lastKnownFileType = sourcecode.swift; path = MainTableViewCell.swift; sourceTree = "<group>"; };
		D25BF2D7249B640D00F2703F /* MainTableViewCell.xib */ = {isa = PBXFileReference; lastKnownFileType = file.xib; path = MainTableViewCell.xib; sourceTree = "<group>"; };
		D25BF2DA249B6C9300F2703F /* MainViewModel.swift */ = {isa = PBXFileReference; lastKnownFileType = sourcecode.swift; path = MainViewModel.swift; sourceTree = "<group>"; };
		D25BF2DE24A9E3F100F2703F /* DetailMainTableViewController.swift */ = {isa = PBXFileReference; lastKnownFileType = sourcecode.swift; path = DetailMainTableViewController.swift; sourceTree = "<group>"; };
		D25BF2DF24A9E3F100F2703F /* DetailMainTableViewController.xib */ = {isa = PBXFileReference; lastKnownFileType = file.xib; path = DetailMainTableViewController.xib; sourceTree = "<group>"; };
/* End PBXFileReference section */

/* Begin PBXFrameworksBuildPhase section */
		D25BF295249B473900F2703F /* Frameworks */ = {
			isa = PBXFrameworksBuildPhase;
			buildActionMask = 2147483647;
			files = (
				00A34543D720978091573831 /* Pods_RxSwiftDemo.framework in Frameworks */,
			);
			runOnlyForDeploymentPostprocessing = 0;
		};
		D25BF2AE249B474000F2703F /* Frameworks */ = {
			isa = PBXFrameworksBuildPhase;
			buildActionMask = 2147483647;
			files = (
			);
			runOnlyForDeploymentPostprocessing = 0;
		};
		D25BF2B9249B474000F2703F /* Frameworks */ = {
			isa = PBXFrameworksBuildPhase;
			buildActionMask = 2147483647;
			files = (
			);
			runOnlyForDeploymentPostprocessing = 0;
		};
/* End PBXFrameworksBuildPhase section */

/* Begin PBXGroup section */
		37C49C72ECAAE80A878E804C /* Pods */ = {
			isa = PBXGroup;
			children = (
				87A5DA370B09A7DF9AE2DFF2 /* Pods-RxSwiftDemo.debug.xcconfig */,
				953A059C4F4BFB817B460D09 /* Pods-RxSwiftDemo.release.xcconfig */,
			);
			path = Pods;
			sourceTree = "<group>";
		};
		4DCF9AF63613E09038AEE847 /* Frameworks */ = {
			isa = PBXGroup;
			children = (
				0EA50EDDD07D9A0EBFEFE05E /* Pods_RxSwiftDemo.framework */,
			);
			name = Frameworks;
			sourceTree = "<group>";
		};
		D25BF28F249B473900F2703F = {
			isa = PBXGroup;
			children = (
				D25BF29A249B473900F2703F /* RxSwiftDemo */,
				D25BF2B4249B474000F2703F /* RxSwiftDemoTests */,
				D25BF2BF249B474000F2703F /* RxSwiftDemoUITests */,
				D25BF299249B473900F2703F /* Products */,
				37C49C72ECAAE80A878E804C /* Pods */,
				4DCF9AF63613E09038AEE847 /* Frameworks */,
			);
			sourceTree = "<group>";
		};
		D25BF299249B473900F2703F /* Products */ = {
			isa = PBXGroup;
			children = (
				D25BF298249B473900F2703F /* RxSwiftDemo.app */,
				D25BF2B1249B474000F2703F /* RxSwiftDemoTests.xctest */,
				D25BF2BC249B474000F2703F /* RxSwiftDemoUITests.xctest */,
			);
			name = Products;
			sourceTree = "<group>";
		};
		D25BF29A249B473900F2703F /* RxSwiftDemo */ = {
			isa = PBXGroup;
			children = (
				D25BF29B249B473900F2703F /* AppDelegate.swift */,
				D25BF29D249B473900F2703F /* SceneDelegate.swift */,
				D25BF29F249B473900F2703F /* ViewController.swift */,
				D25BF2CE249B5EB000F2703F /* APIService.swift */,
				D25BF2D0249B5F1B00F2703F /* PhotoModel.swift */,
				D25BF2A1249B473900F2703F /* Main.storyboard */,
				D25BF2A7249B473F00F2703F /* Assets.xcassets */,
				D25BF2A9249B473F00F2703F /* LaunchScreen.storyboard */,
				D25BF2A4249B473900F2703F /* RxSwiftDemo.xcdatamodeld */,
				D25BF2D2249B5FCA00F2703F /* MainViewController.swift */,
				D25BF2AC249B473F00F2703F /* Info.plist */,
				D25BF2D3249B5FCA00F2703F /* MainViewController.xib */,
				D25BF2D6249B640D00F2703F /* MainTableViewCell.swift */,
				D25BF2D7249B640D00F2703F /* MainTableViewCell.xib */,
				D25BF2DA249B6C9300F2703F /* MainViewModel.swift */,
				D25BF2DE24A9E3F100F2703F /* DetailMainTableViewController.swift */,
				D25BF2DF24A9E3F100F2703F /* DetailMainTableViewController.xib */,
			);
			path = RxSwiftDemo;
			sourceTree = "<group>";
		};
		D25BF2B4249B474000F2703F /* RxSwiftDemoTests */ = {
			isa = PBXGroup;
			children = (
				D25BF2B5249B474000F2703F /* RxSwiftDemoTests.swift */,
				D25BF2B7249B474000F2703F /* Info.plist */,
			);
			path = RxSwiftDemoTests;
			sourceTree = "<group>";
		};
		D25BF2BF249B474000F2703F /* RxSwiftDemoUITests */ = {
			isa = PBXGroup;
			children = (
				D25BF2C0249B474000F2703F /* RxSwiftDemoUITests.swift */,
				D25BF2C2249B474000F2703F /* Info.plist */,
			);
			path = RxSwiftDemoUITests;
			sourceTree = "<group>";
		};
/* End PBXGroup section */

/* Begin PBXNativeTarget section */
		D25BF297249B473900F2703F /* RxSwiftDemo */ = {
			isa = PBXNativeTarget;
			buildConfigurationList = D25BF2C5249B474000F2703F /* Build configuration list for PBXNativeTarget "RxSwiftDemo" */;
			buildPhases = (
				EF54AF17A602775EF3B716F5 /* [CP] Check Pods Manifest.lock */,
				D25BF294249B473900F2703F /* Sources */,
				D25BF295249B473900F2703F /* Frameworks */,
				D25BF296249B473900F2703F /* Resources */,
				E7BC089B469A173A45E4CE0A /* [CP] Embed Pods Frameworks */,
			);
			buildRules = (
			);
			dependencies = (
			);
			name = RxSwiftDemo;
			productName = RxSwiftDemo;
			productReference = D25BF298249B473900F2703F /* RxSwiftDemo.app */;
			productType = "com.apple.product-type.application";
		};
		D25BF2B0249B474000F2703F /* RxSwiftDemoTests */ = {
			isa = PBXNativeTarget;
			buildConfigurationList = D25BF2C8249B474000F2703F /* Build configuration list for PBXNativeTarget "RxSwiftDemoTests" */;
			buildPhases = (
				D25BF2AD249B474000F2703F /* Sources */,
				D25BF2AE249B474000F2703F /* Frameworks */,
				D25BF2AF249B474000F2703F /* Resources */,
			);
			buildRules = (
			);
			dependencies = (
				D25BF2B3249B474000F2703F /* PBXTargetDependency */,
			);
			name = RxSwiftDemoTests;
			productName = RxSwiftDemoTests;
			productReference = D25BF2B1249B474000F2703F /* RxSwiftDemoTests.xctest */;
			productType = "com.apple.product-type.bundle.unit-test";
		};
		D25BF2BB249B474000F2703F /* RxSwiftDemoUITests */ = {
			isa = PBXNativeTarget;
			buildConfigurationList = D25BF2CB249B474000F2703F /* Build configuration list for PBXNativeTarget "RxSwiftDemoUITests" */;
			buildPhases = (
				D25BF2B8249B474000F2703F /* Sources */,
				D25BF2B9249B474000F2703F /* Frameworks */,
				D25BF2BA249B474000F2703F /* Resources */,
			);
			buildRules = (
			);
			dependencies = (
				D25BF2BE249B474000F2703F /* PBXTargetDependency */,
			);
			name = RxSwiftDemoUITests;
			productName = RxSwiftDemoUITests;
			productReference = D25BF2BC249B474000F2703F /* RxSwiftDemoUITests.xctest */;
			productType = "com.apple.product-type.bundle.ui-testing";
		};
/* End PBXNativeTarget section */

/* Begin PBXProject section */
		D25BF290249B473900F2703F /* Project object */ = {
			isa = PBXProject;
			attributes = {
				LastSwiftUpdateCheck = 1150;
				LastUpgradeCheck = 1150;
				ORGANIZATIONNAME = "Steven Hsieh";
				TargetAttributes = {
					D25BF297249B473900F2703F = {
						CreatedOnToolsVersion = 11.5;
					};
					D25BF2B0249B474000F2703F = {
						CreatedOnToolsVersion = 11.5;
						TestTargetID = D25BF297249B473900F2703F;
					};
					D25BF2BB249B474000F2703F = {
						CreatedOnToolsVersion = 11.5;
						TestTargetID = D25BF297249B473900F2703F;
					};
				};
			};
			buildConfigurationList = D25BF293249B473900F2703F /* Build configuration list for PBXProject "RxSwiftDemo" */;
			compatibilityVersion = "Xcode 9.3";
			developmentRegion = en;
			hasScannedForEncodings = 0;
			knownRegions = (
				en,
				Base,
			);
			mainGroup = D25BF28F249B473900F2703F;
			productRefGroup = D25BF299249B473900F2703F /* Products */;
			projectDirPath = "";
			projectRoot = "";
			targets = (
				D25BF297249B473900F2703F /* RxSwiftDemo */,
				D25BF2B0249B474000F2703F /* RxSwiftDemoTests */,
				D25BF2BB249B474000F2703F /* RxSwiftDemoUITests */,
			);
		};
/* End PBXProject section */

/* Begin PBXResourcesBuildPhase section */
		D25BF296249B473900F2703F /* Resources */ = {
			isa = PBXResourcesBuildPhase;
			buildActionMask = 2147483647;
			files = (
				D25BF2AB249B473F00F2703F /* LaunchScreen.storyboard in Resources */,
				D25BF2A8249B473F00F2703F /* Assets.xcassets in Resources */,
				D25BF2A3249B473900F2703F /* Main.storyboard in Resources */,
				D25BF2D5249B5FCA00F2703F /* MainViewController.xib in Resources */,
				D25BF2D9249B640D00F2703F /* MainTableViewCell.xib in Resources */,
				D25BF2E124A9E3F100F2703F /* DetailMainTableViewController.xib in Resources */,
			);
			runOnlyForDeploymentPostprocessing = 0;
		};
		D25BF2AF249B474000F2703F /* Resources */ = {
			isa = PBXResourcesBuildPhase;
			buildActionMask = 2147483647;
			files = (
			);
			runOnlyForDeploymentPostprocessing = 0;
		};
		D25BF2BA249B474000F2703F /* Resources */ = {
			isa = PBXResourcesBuildPhase;
			buildActionMask = 2147483647;
			files = (
			);
			runOnlyForDeploymentPostprocessing = 0;
		};
/* End PBXResourcesBuildPhase section */

/* Begin PBXShellScriptBuildPhase section */
		E7BC089B469A173A45E4CE0A /* [CP] Embed Pods Frameworks */ = {
			isa = PBXShellScriptBuildPhase;
			buildActionMask = 2147483647;
			files = (
			);
			inputFileListPaths = (
				"${PODS_ROOT}/Target Support Files/Pods-RxSwiftDemo/Pods-RxSwiftDemo-frameworks-${CONFIGURATION}-input-files.xcfilelist",
			);
			name = "[CP] Embed Pods Frameworks";
			outputFileListPaths = (
				"${PODS_ROOT}/Target Support Files/Pods-RxSwiftDemo/Pods-RxSwiftDemo-frameworks-${CONFIGURATION}-output-files.xcfilelist",
			);
			runOnlyForDeploymentPostprocessing = 0;
			shellPath = /bin/sh;
			shellScript = "\"${PODS_ROOT}/Target Support Files/Pods-RxSwiftDemo/Pods-RxSwiftDemo-frameworks.sh\"\n";
			showEnvVarsInLog = 0;
		};
		EF54AF17A602775EF3B716F5 /* [CP] Check Pods Manifest.lock */ = {
			isa = PBXShellScriptBuildPhase;
			buildActionMask = 2147483647;
			files = (
			);
			inputFileListPaths = (
			);
			inputPaths = (
				"${PODS_PODFILE_DIR_PATH}/Podfile.lock",
				"${PODS_ROOT}/Manifest.lock",
			);
			name = "[CP] Check Pods Manifest.lock";
			outputFileListPaths = (
			);
			outputPaths = (
				"$(DERIVED_FILE_DIR)/Pods-RxSwiftDemo-checkManifestLockResult.txt",
			);
			runOnlyForDeploymentPostprocessing = 0;
			shellPath = /bin/sh;
			shellScript = "diff \"${PODS_PODFILE_DIR_PATH}/Podfile.lock\" \"${PODS_ROOT}/Manifest.lock\" > /dev/null\nif [ $? != 0 ] ; then\n    # print error to STDERR\n    echo \"error: The sandbox is not in sync with the Podfile.lock. Run 'pod install' or update your CocoaPods installation.\" >&2\n    exit 1\nfi\n# This output is used by Xcode 'outputs' to avoid re-running this script phase.\necho \"SUCCESS\" > \"${SCRIPT_OUTPUT_FILE_0}\"\n";
			showEnvVarsInLog = 0;
		};
/* End PBXShellScriptBuildPhase section */

/* Begin PBXSourcesBuildPhase section */
		D25BF294249B473900F2703F /* Sources */ = {
			isa = PBXSourcesBuildPhase;
			buildActionMask = 2147483647;
			files = (
				D25BF2D4249B5FCA00F2703F /* MainViewController.swift in Sources */,
				D25BF2D1249B5F1B00F2703F /* PhotoModel.swift in Sources */,
				D25BF2D8249B640D00F2703F /* MainTableViewCell.swift in Sources */,
				D25BF2E024A9E3F100F2703F /* DetailMainTableViewController.swift in Sources */,
				D25BF2A6249B473900F2703F /* RxSwiftDemo.xcdatamodeld in Sources */,
				D25BF2CF249B5EB000F2703F /* APIService.swift in Sources */,
				D25BF2A0249B473900F2703F /* ViewController.swift in Sources */,
				D25BF29C249B473900F2703F /* AppDelegate.swift in Sources */,
				D25BF29E249B473900F2703F /* SceneDelegate.swift in Sources */,
				D25BF2DB249B6C9300F2703F /* MainViewModel.swift in Sources */,
			);
			runOnlyForDeploymentPostprocessing = 0;
		};
		D25BF2AD249B474000F2703F /* Sources */ = {
			isa = PBXSourcesBuildPhase;
			buildActionMask = 2147483647;
			files = (
				D25BF2B6249B474000F2703F /* RxSwiftDemoTests.swift in Sources */,
			);
			runOnlyForDeploymentPostprocessing = 0;
		};
		D25BF2B8249B474000F2703F /* Sources */ = {
			isa = PBXSourcesBuildPhase;
			buildActionMask = 2147483647;
			files = (
				D25BF2C1249B474000F2703F /* RxSwiftDemoUITests.swift in Sources */,
			);
			runOnlyForDeploymentPostprocessing = 0;
		};
/* End PBXSourcesBuildPhase section */

/* Begin PBXTargetDependency section */
		D25BF2B3249B474000F2703F /* PBXTargetDependency */ = {
			isa = PBXTargetDependency;
			target = D25BF297249B473900F2703F /* RxSwiftDemo */;
			targetProxy = D25BF2B2249B474000F2703F /* PBXContainerItemProxy */;
		};
		D25BF2BE249B474000F2703F /* PBXTargetDependency */ = {
			isa = PBXTargetDependency;
			target = D25BF297249B473900F2703F /* RxSwiftDemo */;
			targetProxy = D25BF2BD249B474000F2703F /* PBXContainerItemProxy */;
		};
/* End PBXTargetDependency section */

/* Begin PBXVariantGroup section */
		D25BF2A1249B473900F2703F /* Main.storyboard */ = {
			isa = PBXVariantGroup;
			children = (
				D25BF2A2249B473900F2703F /* Base */,
			);
			name = Main.storyboard;
			sourceTree = "<group>";
		};
		D25BF2A9249B473F00F2703F /* LaunchScreen.storyboard */ = {
			isa = PBXVariantGroup;
			children = (
				D25BF2AA249B473F00F2703F /* Base */,
			);
			name = LaunchScreen.storyboard;
			sourceTree = "<group>";
		};
/* End PBXVariantGroup section */

/* Begin XCBuildConfiguration section */
		D25BF2C3249B474000F2703F /* Debug */ = {
			isa = XCBuildConfiguration;
			buildSettings = {
				ALWAYS_SEARCH_USER_PATHS = NO;
				CLANG_ANALYZER_NONNULL = YES;
				CLANG_ANALYZER_NUMBER_OBJECT_CONVERSION = YES_AGGRESSIVE;
				CLANG_CXX_LANGUAGE_STANDARD = "gnu++14";
				CLANG_CXX_LIBRARY = "libc++";
				CLANG_ENABLE_MODULES = YES;
				CLANG_ENABLE_OBJC_ARC = YES;
				CLANG_ENABLE_OBJC_WEAK = YES;
				CLANG_WARN_BLOCK_CAPTURE_AUTORELEASING = YES;
				CLANG_WARN_BOOL_CONVERSION = YES;
				CLANG_WARN_COMMA = YES;
				CLANG_WARN_CONSTANT_CONVERSION = YES;
				CLANG_WARN_DEPRECATED_OBJC_IMPLEMENTATIONS = YES;
				CLANG_WARN_DIRECT_OBJC_ISA_USAGE = YES_ERROR;
				CLANG_WARN_DOCUMENTATION_COMMENTS = YES;
				CLANG_WARN_EMPTY_BODY = YES;
				CLANG_WARN_ENUM_CONVERSION = YES;
				CLANG_WARN_INFINITE_RECURSION = YES;
				CLANG_WARN_INT_CONVERSION = YES;
				CLANG_WARN_NON_LITERAL_NULL_CONVERSION = YES;
				CLANG_WARN_OBJC_IMPLICIT_RETAIN_SELF = YES;
				CLANG_WARN_OBJC_LITERAL_CONVERSION = YES;
				CLANG_WARN_OBJC_ROOT_CLASS = YES_ERROR;
				CLANG_WARN_RANGE_LOOP_ANALYSIS = YES;
				CLANG_WARN_STRICT_PROTOTYPES = YES;
				CLANG_WARN_SUSPICIOUS_MOVE = YES;
				CLANG_WARN_UNGUARDED_AVAILABILITY = YES_AGGRESSIVE;
				CLANG_WARN_UNREACHABLE_CODE = YES;
				CLANG_WARN__DUPLICATE_METHOD_MATCH = YES;
				COPY_PHASE_STRIP = NO;
				DEBUG_INFORMATION_FORMAT = dwarf;
				ENABLE_STRICT_OBJC_MSGSEND = YES;
				ENABLE_TESTABILITY = YES;
				GCC_C_LANGUAGE_STANDARD = gnu11;
				GCC_DYNAMIC_NO_PIC = NO;
				GCC_NO_COMMON_BLOCKS = YES;
				GCC_OPTIMIZATION_LEVEL = 0;
				GCC_PREPROCESSOR_DEFINITIONS = (
					"DEBUG=1",
					"$(inherited)",
				);
				GCC_WARN_64_TO_32_BIT_CONVERSION = YES;
				GCC_WARN_ABOUT_RETURN_TYPE = YES_ERROR;
				GCC_WARN_UNDECLARED_SELECTOR = YES;
				GCC_WARN_UNINITIALIZED_AUTOS = YES_AGGRESSIVE;
				GCC_WARN_UNUSED_FUNCTION = YES;
				GCC_WARN_UNUSED_VARIABLE = YES;
				IPHONEOS_DEPLOYMENT_TARGET = 13.5;
				MTL_ENABLE_DEBUG_INFO = INCLUDE_SOURCE;
				MTL_FAST_MATH = YES;
				ONLY_ACTIVE_ARCH = YES;
				SDKROOT = iphoneos;
				SWIFT_ACTIVE_COMPILATION_CONDITIONS = DEBUG;
				SWIFT_OPTIMIZATION_LEVEL = "-Onone";
			};
			name = Debug;
		};
		D25BF2C4249B474000F2703F /* Release */ = {
			isa = XCBuildConfiguration;
			buildSettings = {
				ALWAYS_SEARCH_USER_PATHS = NO;
				CLANG_ANALYZER_NONNULL = YES;
				CLANG_ANALYZER_NUMBER_OBJECT_CONVERSION = YES_AGGRESSIVE;
				CLANG_CXX_LANGUAGE_STANDARD = "gnu++14";
				CLANG_CXX_LIBRARY = "libc++";
				CLANG_ENABLE_MODULES = YES;
				CLANG_ENABLE_OBJC_ARC = YES;
				CLANG_ENABLE_OBJC_WEAK = YES;
				CLANG_WARN_BLOCK_CAPTURE_AUTORELEASING = YES;
				CLANG_WARN_BOOL_CONVERSION = YES;
				CLANG_WARN_COMMA = YES;
				CLANG_WARN_CONSTANT_CONVERSION = YES;
				CLANG_WARN_DEPRECATED_OBJC_IMPLEMENTATIONS = YES;
				CLANG_WARN_DIRECT_OBJC_ISA_USAGE = YES_ERROR;
				CLANG_WARN_DOCUMENTATION_COMMENTS = YES;
				CLANG_WARN_EMPTY_BODY = YES;
				CLANG_WARN_ENUM_CONVERSION = YES;
				CLANG_WARN_INFINITE_RECURSION = YES;
				CLANG_WARN_INT_CONVERSION = YES;
				CLANG_WARN_NON_LITERAL_NULL_CONVERSION = YES;
				CLANG_WARN_OBJC_IMPLICIT_RETAIN_SELF = YES;
				CLANG_WARN_OBJC_LITERAL_CONVERSION = YES;
				CLANG_WARN_OBJC_ROOT_CLASS = YES_ERROR;
				CLANG_WARN_RANGE_LOOP_ANALYSIS = YES;
				CLANG_WARN_STRICT_PROTOTYPES = YES;
				CLANG_WARN_SUSPICIOUS_MOVE = YES;
				CLANG_WARN_UNGUARDED_AVAILABILITY = YES_AGGRESSIVE;
				CLANG_WARN_UNREACHABLE_CODE = YES;
				CLANG_WARN__DUPLICATE_METHOD_MATCH = YES;
				COPY_PHASE_STRIP = NO;
				DEBUG_INFORMATION_FORMAT = "dwarf-with-dsym";
				ENABLE_NS_ASSERTIONS = NO;
				ENABLE_STRICT_OBJC_MSGSEND = YES;
				GCC_C_LANGUAGE_STANDARD = gnu11;
				GCC_NO_COMMON_BLOCKS = YES;
				GCC_WARN_64_TO_32_BIT_CONVERSION = YES;
				GCC_WARN_ABOUT_RETURN_TYPE = YES_ERROR;
				GCC_WARN_UNDECLARED_SELECTOR = YES;
				GCC_WARN_UNINITIALIZED_AUTOS = YES_AGGRESSIVE;
				GCC_WARN_UNUSED_FUNCTION = YES;
				GCC_WARN_UNUSED_VARIABLE = YES;
				IPHONEOS_DEPLOYMENT_TARGET = 13.5;
				MTL_ENABLE_DEBUG_INFO = NO;
				MTL_FAST_MATH = YES;
				SDKROOT = iphoneos;
				SWIFT_COMPILATION_MODE = wholemodule;
				SWIFT_OPTIMIZATION_LEVEL = "-O";
				VALIDATE_PRODUCT = YES;
			};
			name = Release;
		};
		D25BF2C6249B474000F2703F /* Debug */ = {
			isa = XCBuildConfiguration;
			baseConfigurationReference = 87A5DA370B09A7DF9AE2DFF2 /* Pods-RxSwiftDemo.debug.xcconfig */;
			buildSettings = {
				ASSETCATALOG_COMPILER_APPICON_NAME = AppIcon;
				CODE_SIGN_STYLE = Automatic;
				DEVELOPMENT_TEAM = RRN37FX8LW;
				INFOPLIST_FILE = RxSwiftDemo/Info.plist;
				LD_RUNPATH_SEARCH_PATHS = (
					"$(inherited)",
					"@executable_path/Frameworks",
				);
				PRODUCT_BUNDLE_IDENTIFIER = cheng.RxSwiftDemo;
				PRODUCT_NAME = "$(TARGET_NAME)";
				SWIFT_VERSION = 5.0;
				TARGETED_DEVICE_FAMILY = "1,2";
			};
			name = Debug;
		};
		D25BF2C7249B474000F2703F /* Release */ = {
			isa = XCBuildConfiguration;
			baseConfigurationReference = 953A059C4F4BFB817B460D09 /* Pods-RxSwiftDemo.release.xcconfig */;
			buildSettings = {
				ASSETCATALOG_COMPILER_APPICON_NAME = AppIcon;
				CODE_SIGN_STYLE = Automatic;
				DEVELOPMENT_TEAM = RRN37FX8LW;
				INFOPLIST_FILE = RxSwiftDemo/Info.plist;
				LD_RUNPATH_SEARCH_PATHS = (
					"$(inherited)",
					"@executable_path/Frameworks",
				);
				PRODUCT_BUNDLE_IDENTIFIER = cheng.RxSwiftDemo;
				PRODUCT_NAME = "$(TARGET_NAME)";
				SWIFT_VERSION = 5.0;
				TARGETED_DEVICE_FAMILY = "1,2";
			};
			name = Release;
		};
		D25BF2C9249B474000F2703F /* Debug */ = {
			isa = XCBuildConfiguration;
			buildSettings = {
				ALWAYS_EMBED_SWIFT_STANDARD_LIBRARIES = YES;
				BUNDLE_LOADER = "$(TEST_HOST)";
				CODE_SIGN_STYLE = Automatic;
				DEVELOPMENT_TEAM = RRN37FX8LW;
				INFOPLIST_FILE = RxSwiftDemoTests/Info.plist;
				IPHONEOS_DEPLOYMENT_TARGET = 13.5;
				LD_RUNPATH_SEARCH_PATHS = (
					"$(inherited)",
					"@executable_path/Frameworks",
					"@loader_path/Frameworks",
				);
				PRODUCT_BUNDLE_IDENTIFIER = cheng.RxSwiftDemoTests;
				PRODUCT_NAME = "$(TARGET_NAME)";
				SWIFT_VERSION = 5.0;
				TARGETED_DEVICE_FAMILY = "1,2";
				TEST_HOST = "$(BUILT_PRODUCTS_DIR)/RxSwiftDemo.app/RxSwiftDemo";
			};
			name = Debug;
		};
		D25BF2CA249B474000F2703F /* Release */ = {
			isa = XCBuildConfiguration;
			buildSettings = {
				ALWAYS_EMBED_SWIFT_STANDARD_LIBRARIES = YES;
				BUNDLE_LOADER = "$(TEST_HOST)";
				CODE_SIGN_STYLE = Automatic;
				DEVELOPMENT_TEAM = RRN37FX8LW;
				INFOPLIST_FILE = RxSwiftDemoTests/Info.plist;
				IPHONEOS_DEPLOYMENT_TARGET = 13.5;
				LD_RUNPATH_SEARCH_PATHS = (
					"$(inherited)",
					"@executable_path/Frameworks",
					"@loader_path/Frameworks",
				);
				PRODUCT_BUNDLE_IDENTIFIER = cheng.RxSwiftDemoTests;
				PRODUCT_NAME = "$(TARGET_NAME)";
				SWIFT_VERSION = 5.0;
				TARGETED_DEVICE_FAMILY = "1,2";
				TEST_HOST = "$(BUILT_PRODUCTS_DIR)/RxSwiftDemo.app/RxSwiftDemo";
			};
			name = Release;
		};
		D25BF2CC249B474000F2703F /* Debug */ = {
			isa = XCBuildConfiguration;
			buildSettings = {
				ALWAYS_EMBED_SWIFT_STANDARD_LIBRARIES = YES;
				CODE_SIGN_STYLE = Automatic;
				DEVELOPMENT_TEAM = RRN37FX8LW;
				INFOPLIST_FILE = RxSwiftDemoUITests/Info.plist;
				LD_RUNPATH_SEARCH_PATHS = (
					"$(inherited)",
					"@executable_path/Frameworks",
					"@loader_path/Frameworks",
				);
				PRODUCT_BUNDLE_IDENTIFIER = cheng.RxSwiftDemoUITests;
				PRODUCT_NAME = "$(TARGET_NAME)";
				SWIFT_VERSION = 5.0;
				TARGETED_DEVICE_FAMILY = "1,2";
				TEST_TARGET_NAME = RxSwiftDemo;
			};
			name = Debug;
		};
		D25BF2CD249B474000F2703F /* Release */ = {
			isa = XCBuildConfiguration;
			buildSettings = {
				ALWAYS_EMBED_SWIFT_STANDARD_LIBRARIES = YES;
				CODE_SIGN_STYLE = Automatic;
				DEVELOPMENT_TEAM = RRN37FX8LW;
				INFOPLIST_FILE = RxSwiftDemoUITests/Info.plist;
				LD_RUNPATH_SEARCH_PATHS = (
					"$(inherited)",
					"@executable_path/Frameworks",
					"@loader_path/Frameworks",
				);
				PRODUCT_BUNDLE_IDENTIFIER = cheng.RxSwiftDemoUITests;
				PRODUCT_NAME = "$(TARGET_NAME)";
				SWIFT_VERSION = 5.0;
				TARGETED_DEVICE_FAMILY = "1,2";
				TEST_TARGET_NAME = RxSwiftDemo;
			};
			name = Release;
		};
/* End XCBuildConfiguration section */

/* Begin XCConfigurationList section */
		D25BF293249B473900F2703F /* Build configuration list for PBXProject "RxSwiftDemo" */ = {
			isa = XCConfigurationList;
			buildConfigurations = (
				D25BF2C3249B474000F2703F /* Debug */,
				D25BF2C4249B474000F2703F /* Release */,
			);
			defaultConfigurationIsVisible = 0;
			defaultConfigurationName = Release;
		};
		D25BF2C5249B474000F2703F /* Build configuration list for PBXNativeTarget "RxSwiftDemo" */ = {
			isa = XCConfigurationList;
			buildConfigurations = (
				D25BF2C6249B474000F2703F /* Debug */,
				D25BF2C7249B474000F2703F /* Release */,
			);
			defaultConfigurationIsVisible = 0;
			defaultConfigurationName = Release;
		};
		D25BF2C8249B474000F2703F /* Build configuration list for PBXNativeTarget "RxSwiftDemoTests" */ = {
			isa = XCConfigurationList;
			buildConfigurations = (
				D25BF2C9249B474000F2703F /* Debug */,
				D25BF2CA249B474000F2703F /* Release */,
			);
			defaultConfigurationIsVisible = 0;
			defaultConfigurationName = Release;
		};
		D25BF2CB249B474000F2703F /* Build configuration list for PBXNativeTarget "RxSwiftDemoUITests" */ = {
			isa = XCConfigurationList;
			buildConfigurations = (
				D25BF2CC249B474000F2703F /* Debug */,
				D25BF2CD249B474000F2703F /* Release */,
			);
			defaultConfigurationIsVisible = 0;
			defaultConfigurationName = Release;
		};
/* End XCConfigurationList section */

/* Begin XCVersionGroup section */
		D25BF2A4249B473900F2703F /* RxSwiftDemo.xcdatamodeld */ = {
			isa = XCVersionGroup;
			children = (
				D25BF2A5249B473900F2703F /* RxSwiftDemo.xcdatamodel */,
			);
			currentVersion = D25BF2A5249B473900F2703F /* RxSwiftDemo.xcdatamodel */;
			path = RxSwiftDemo.xcdatamodeld;
			sourceTree = "<group>";
			versionGroupType = wrapper.xcdatamodel;
		};
/* End XCVersionGroup section */
	};
	rootObject = D25BF290249B473900F2703F /* Project object */;
}
